
Microsoft Visual Studio Solution File, Format Version 12.00
# Visual Studio Version 16
VisualStudioVersion = 16.0.31911.196
MinimumVisualStudioVersion = 10.0.40219.1
Project("{888888A0-9F3D-457C-B088-3A5042F75D52}") = "Zapuskator_1", "Zapuskator_1.pyproj", "{C6CD7745-769D-41FF-9B13-7179A17FBAFE}"
EndProject
Global
	GlobalSection(SolutionConfigurationPlatforms) = preSolution
		Debug|Any CPU = Debug|Any CPU
		Release|Any CPU = Release|Any CPU
	EndGlobalSection
	GlobalSection(ProjectConfigurationPlatforms) = postSolution
		{C6CD7745-769D-41FF-9B13-7179A17FBAFE}.Debug|Any CPU.ActiveCfg = Debug|Any CPU
		{C6CD7745-769D-41FF-9B13-7179A17FBAFE}.Release|Any CPU.ActiveCfg = Release|Any CPU
	EndGlobalSection
	GlobalSection(SolutionProperties) = preSolution
		HideSolutionNode = FALSE
	EndGlobalSection
	GlobalSection(ExtensibilityGlobals) = postSolution
		SolutionGuid = {46219883-29F9-43B4-9A98-EEAB9A0CAEB7}
	EndGlobalSection
EndGlobal
